// !$*UTF8*$!
{
	archiveVersion = 1;
	classes = {
	};
	objectVersion = 77;
	objects = {

/* Begin PBXContainerItemProxy section */
		D21EE9852FACB637002F6879 /* PBXContainerItemProxy */ = {
			isa = PBXContainerItemProxy;
			containerPortal = D21EE96D2FACB636002F6879 /* Project object */;
			proxyType = 1;
			remoteGlobalIDString = D21EE9742FACB636002F6879;
			remoteInfo = PatProt;
		};
		D21EE98F2FACB637002F6879 /* PBXContainerItemProxy */ = {
			isa = PBXContainerItemProxy;
			containerPortal = D21EE96D2FACB636002F6879 /* Project object */;
			proxyType = 1;
			remoteGlobalIDString = D21EE9742FACB636002F6879;
			remoteInfo = PatProt;
		};
/* End PBXContainerItemProxy section */

/* Begin PBXCopyFilesBuildPhase section */
		D21EE9D12FACCF61002F6879 /* Embed Foundation Extensions */ = {
			isa = PBXCopyFilesBuildPhase;
			buildActionMask = 2147483647;
			dstPath = "";
			dstSubfolderSpec = 13;
			files = (
			);
			name = "Embed Foundation Extensions";
			runOnlyForDeploymentPostprocessing = 0;
		};
/* End PBXCopyFilesBuildPhase section */

/* Begin PBXFileReference section */
		D21EE9752FACB636002F6879 /* PatProt.app */ = {isa = PBXFileReference; explicitFileType = wrapper.application; includeInIndex = 0; path = PatProt.app; sourceTree = BUILT_PRODUCTS_DIR; };
		D21EE9842FACB637002F6879 /* PatProtTests.xctest */ = {isa = PBXFileReference; explicitFileType = wrapper.cfbundle; includeInIndex = 0; path = PatProtTests.xctest; sourceTree = BUILT_PRODUCTS_DIR; };
		D21EE98E2FACB637002F6879 /* PatProtUITests.xctest */ = {isa = PBXFileReference; explicitFileType = wrapper.cfbundle; includeInIndex = 0; path = PatProtUITests.xctest; sourceTree = BUILT_PRODUCTS_DIR; };
/* End PBXFileReference section */

/* Begin PBXFileSystemSynchronizedBuildFileExceptionSet section */
		03A984BDCC114336B1B9D5FB /* Exceptions for "PatProt" folder in "PatProt" target */ = {
			isa = PBXFileSystemSynchronizedBuildFileExceptionSet;
			membershipExceptions = (
				Info.plist,
			);
			target = D21EE9742FACB636002F6879 /* PatProt */;
		};
/* End PBXFileSystemSynchronizedBuildFileExceptionSet section */

/* Begin PBXFileSystemSynchronizedRootGroup section */
		D21EE9772FACB636002F6879 /* PatProt */ = {
			isa = PBXFileSystemSynchronizedRootGroup;
			exceptions = (
				03A984BDCC114336B1B9D5FB /* Exceptions for "PatProt" folder in "PatProt" target */,
			);
			path = PatProt;
			sourceTree = "<group>";
		};
		D21EE9872FACB637002F6879 /* PatProtTests */ = {
			isa = PBXFileSystemSynchronizedRootGroup;
			path = PatProtTests;
			sourceTree = "<group>";
		};
		D21EE9912FACB637002F6879 /* PatProtUITests */ = {
			isa = PBXFileSystemSynchronizedRootGroup;
			path = PatProtUITests;
			sourceTree = "<group>";
		};
		D21EE9C62FACCF61002F6879 /* Location */ = {
			isa = PBXFileSystemSynchronizedRootGroup;
			path = Location;
			sourceTree = "<group>";
		};
/* End PBXFileSystemSynchronizedRootGroup section */

/* Begin PBXFrameworksBuildPhase section */
		D21EE9722FACB636002F6879 /* Frameworks */ = {
			isa = PBXFrameworksBuildPhase;
			buildActionMask = 2147483647;
			files = (
			);
			runOnlyForDeploymentPostprocessing = 0;
		};
		D21EE9812FACB637002F6879 /* Frameworks */ = {
			isa = PBXFrameworksBuildPhase;
			buildActionMask = 2147483647;
			files = (
			);
			runOnlyForDeploymentPostprocessing = 0;
		};
		D21EE98B2FACB637002F6879 /* Frameworks */ = {
			isa = PBXFrameworksBuildPhase;
			buildActionMask = 2147483647;
			files = (
			);
			runOnlyForDeploymentPostprocessing = 0;
		};
/* End PBXFrameworksBuildPhase section */

/* Begin PBXGroup section */
		D21EE96C2FACB636002F6879 = {
			isa = PBXGroup;
			children = (
				D21EE9772FACB636002F6879 /* PatProt */,
				D21EE9872FACB637002F6879 /* PatProtTests */,
				D21EE9912FACB637002F6879 /* PatProtUITests */,
				D21EE9C62FACCF61002F6879 /* Location */,
				D21EE9762FACB636002F6879 /* Products */,
			);
			sourceTree = "<group>";
		};
		D21EE9762FACB636002F6879 /* Products */ = {
			isa = PBXGroup;
			children = (
				D21EE9752FACB636002F6879 /* PatProt.app */,
				D21EE9842FACB637002F6879 /* PatProtTests.xctest */,
				D21EE98E2FACB637002F6879 /* PatProtUITests.xctest */,
			);
			name = Products;
			sourceTree = "<group>";
		};
/* End PBXGroup section */

/* Begin PBXNativeTarget section */
		D21EE9742FACB636002F6879 /* PatProt */ = {
			isa = PBXNativeTarget;
			buildConfigurationList = D21EE9982FACB637002F6879 /* Build configuration list for PBXNativeTarget "PatProt" */;
			buildPhases = (
				D21EE9712FACB636002F6879 /* Sources */,
				D21EE9722FACB636002F6879 /* Frameworks */,
				D21EE9732FACB636002F6879 /* Resources */,
				D21EE9D12FACCF61002F6879 /* Embed Foundation Extensions */,
			);
			buildRules = (
			);
			dependencies = (
			);
			fileSystemSynchronizedGroups = (
				D21EE9772FACB636002F6879 /* PatProt */,
			);
			name = PatProt;
			packageProductDependencies = (
			);
			productName = PatProt;
			productReference = D21EE9752FACB636002F6879 /* PatProt.app */;
			productType = "com.apple.product-type.application";
		};
		D21EE9832FACB637002F6879 /* PatProtTests */ = {
			isa = PBXNativeTarget;
			buildConfigurationList = D21EE99B2FACB637002F6879 /* Build configuration list for PBXNativeTarget "PatProtTests" */;
			buildPhases = (
				D21EE9802FACB637002F6879 /* Sources */,
				D21EE9812FACB637002F6879 /* Frameworks */,
				D21EE9822FACB637002F6879 /* Resources */,
			);
			buildRules = (
			);
			dependencies = (
				D21EE9862FACB637002F6879 /* PBXTargetDependency */,
			);
			fileSystemSynchronizedGroups = (
				D21EE9872FACB637002F6879 /* PatProtTests */,
			);
			name = PatProtTests;
			packageProductDependencies = (
			);
			productName = PatProtTests;
			productReference = D21EE9842FACB637002F6879 /* PatProtTests.xctest */;
			productType = "com.apple.product-type.bundle.unit-test";
		};
		D21EE98D2FACB637002F6879 /* PatProtUITests */ = {
			isa = PBXNativeTarget;
			buildConfigurationList = D21EE99E2FACB637002F6879 /* Build configuration list for PBXNativeTarget "PatProtUITests" */;
			buildPhases = (
				D21EE98A2FACB637002F6879 /* Sources */,
				D21EE98B2FACB637002F6879 /* Frameworks */,
				D21EE98C2FACB637002F6879 /* Resources */,
			);
			buildRules = (
			);
			dependencies = (
				D21EE9902FACB637002F6879 /* PBXTargetDependency */,
			);
			fileSystemSynchronizedGroups = (
				D21EE9912FACB637002F6879 /* PatProtUITests */,
			);
			name = PatProtUITests;
			packageProductDependencies = (
			);
			productName = PatProtUITests;
			productReference = D21EE98E2FACB637002F6879 /* PatProtUITests.xctest */;
			productType = "com.apple.product-type.bundle.ui-testing";
		};
/* End PBXNativeTarget section */

/* Begin PBXProject section */
		D21EE96D2FACB636002F6879 /* Project object */ = {
			isa = PBXProject;
			attributes = {
				BuildIndependentTargetsInParallel = 1;
				LastSwiftUpdateCheck = 2640;
				LastUpgradeCheck = 2640;
				TargetAttributes = {
					D21EE9742FACB636002F6879 = {
						CreatedOnToolsVersion = 26.4.1;
					};
					D21EE9832FACB637002F6879 = {
						CreatedOnToolsVersion = 26.4.1;
						TestTargetID = D21EE9742FACB636002F6879;
					};
					D21EE98D2FACB637002F6879 = {
						CreatedOnToolsVersion = 26.4.1;
						TestTargetID = D21EE9742FACB636002F6879;
					};
				};
			};
			buildConfigurationList = D21EE9702FACB636002F6879 /* Build configuration list for PBXProject "PatProt" */;
			developmentRegion = en;
			hasScannedForEncodings = 0;
			knownRegions = (
				en,
				Base,
			);
			mainGroup = D21EE96C2FACB636002F6879;
			minimizedProjectReferenceProxies = 1;
			preferredProjectObjectVersion = 77;
			productRefGroup = D21EE9762FACB636002F6879 /* Products */;
			projectDirPath = "";
			projectRoot = "";
			targets = (
				D21EE9742FACB636002F6879 /* PatProt */,
				D21EE9832FACB637002F6879 /* PatProtTests */,
				D21EE98D2FACB637002F6879 /* PatProtUITests */,
			);
		};
/* End PBXProject section */

/* Begin PBXResourcesBuildPhase section */
		D21EE9732FACB636002F6879 /* Resources */ = {
			isa = PBXResourcesBuildPhase;
			buildActionMask = 2147483647;
			files = (
			);
			runOnlyForDeploymentPostprocessing = 0;
		};
		D21EE9822FACB637002F6879 /* Resources */ = {
			isa = PBXResourcesBuildPhase;
			buildActionMask = 2147483647;
			files = (
			);
			runOnlyForDeploymentPostprocessing = 0;
		};
		D21EE98C2FACB637002F6879 /* Resources */ = {
			isa = PBXResourcesBuildPhase;
			buildActionMask = 2147483647;
			files = (
			);
			runOnlyForDeploymentPostprocessing = 0;
		};
/* End PBXResourcesBuildPhase section */

/* Begin PBXSourcesBuildPhase section */
		D21EE9712FACB636002F6879 /* Sources */ = {
			isa = PBXSourcesBuildPhase;
			buildActionMask = 2147483647;
			files = (
			);
			runOnlyForDeploymentPostprocessing = 0;
		};
		D21EE9802FACB637002F6879 /* Sources */ = {
			isa = PBXSourcesBuildPhase;
			buildActionMask = 2147483647;
			files = (
			);
			runOnlyForDeploymentPostprocessing = 0;
		};
		D21EE98A2FACB637002F6879 /* Sources */ = {
			isa = PBXSourcesBuildPhase;
			buildActionMask = 2147483647;
			files = (
			);
			runOnlyForDeploymentPostprocessing = 0;
		};
/* End PBXSourcesBuildPhase section */

/* Begin PBXTargetDependency section */
		D21EE9862FACB637002F6879 /* PBXTargetDependency */ = {
			isa = PBXTargetDependency;
			target = D21EE9742FACB636002F6879 /* PatProt */;
			targetProxy = D21EE9852FACB637002F6879 /* PBXContainerItemProxy */;
		};
		D21EE9902FACB637002F6879 /* PBXTargetDependency */ = {
			isa = PBXTargetDependency;
			target = D21EE9742FACB636002F6879 /* PatProt */;
			targetProxy = D21EE98F2FACB637002F6879 /* PBXContainerItemProxy */;
		};
/* End PBXTargetDependency section */

/* Begin XCBuildConfiguration section */
		D21EE9962FACB637002F6879 /* Debug */ = {
			isa = XCBuildConfiguration;
			buildSettings = {
				ALWAYS_SEARCH_USER_PATHS = NO;
				ASSETCATALOG_COMPILER_GENERATE_SWIFT_ASSET_SYMBOL_EXTENSIONS = YES;
				CLANG_ANALYZER_NONNULL = YES;
				CLANG_ANALYZER_NUMBER_OBJECT_CONVERSION = YES_AGGRESSIVE;
				CLANG_CXX_LANGUAGE_STANDARD = "gnu++20";
				CLANG_ENABLE_MODULES = YES;
				CLANG_ENABLE_OBJC_ARC = YES;
				CLANG_ENABLE_OBJC_WEAK = YES;
				CLANG_WARN_BLOCK_CAPTURE_AUTORELEASING = YES;
				CLANG_WARN_BOOL_CONVERSION = YES;
				CLANG_WARN_COMMA = YES;
				CLANG_WARN_CONSTANT_CONVERSION = YES;
				CLANG_WARN_DEPRECATED_OBJC_IMPLEMENTATIONS = YES;
				CLANG_WARN_DIRECT_OBJC_ISA_USAGE = YES_ERROR;
				CLANG_WARN_DOCUMENTATION_COMMENTS = YES;
				CLANG_WARN_EMPTY_BODY = YES;
				CLANG_WARN_ENUM_CONVERSION = YES;
				CLANG_WARN_INFINITE_RECURSION = YES;
				CLANG_WARN_INT_CONVERSION = YES;
				CLANG_WARN_NON_LITERAL_NULL_CONVERSION = YES;
				CLANG_WARN_OBJC_IMPLICIT_RETAIN_SELF = YES;
				CLANG_WARN_OBJC_LITERAL_CONVERSION = YES;
				CLANG_WARN_OBJC_ROOT_CLASS = YES_ERROR;
				CLANG_WARN_QUOTED_INCLUDE_IN_FRAMEWORK_HEADER = YES;
				CLANG_WARN_RANGE_LOOP_ANALYSIS = YES;
				CLANG_WARN_STRICT_PROTOTYPES = YES;
				CLANG_WARN_SUSPICIOUS_MOVE = YES;
				CLANG_WARN_UNGUARDED_AVAILABILITY = YES_AGGRESSIVE;
				CLANG_WARN_UNREACHABLE_CODE = YES;
				CLANG_WARN__DUPLICATE_METHOD_MATCH = YES;
				COPY_PHASE_STRIP = NO;
				DEBUG_INFORMATION_FORMAT = dwarf;
				ENABLE_STRICT_OBJC_MSGSEND = YES;
				ENABLE_TESTABILITY = YES;
				ENABLE_USER_SCRIPT_SANDBOXING = YES;
				GCC_C_LANGUAGE_STANDARD = gnu17;
				GCC_DYNAMIC_NO_PIC = NO;
				GCC_NO_COMMON_BLOCKS = YES;
				GCC_OPTIMIZATION_LEVEL = 0;
				GCC_PREPROCESSOR_DEFINITIONS = (
					"DEBUG=1",
					"$(inherited)",
				);
				GCC_WARN_64_TO_32_BIT_CONVERSION = YES;
				GCC_WARN_ABOUT_RETURN_TYPE = YES_ERROR;
				GCC_WARN_UNDECLARED_SELECTOR = YES;
				GCC_WARN_UNINITIALIZED_AUTOS = YES_AGGRESSIVE;
				GCC_WARN_UNUSED_FUNCTION = YES;
				GCC_WARN_UNUSED_VARIABLE = YES;
				IPHONEOS_DEPLOYMENT_TARGET = 26.4;
				LOCALIZATION_PREFERS_STRING_CATALOGS = YES;
				MTL_ENABLE_DEBUG_INFO = INCLUDE_SOURCE;
				MTL_FAST_MATH = YES;
				ONLY_ACTIVE_ARCH = YES;
				SDKROOT = iphoneos;
				SWIFT_ACTIVE_COMPILATION_CONDITIONS = "DEBUG $(inherited)";
				SWIFT_OPTIMIZATION_LEVEL = "-Onone";
			};
			name = Debug;
		};
		D21EE9972FACB637002F6879 /* Release */ = {
			isa = XCBuildConfiguration;
			buildSettings = {
				ALWAYS_SEARCH_USER_PATHS = NO;
				ASSETCATALOG_COMPILER_GENERATE_SWIFT_ASSET_SYMBOL_EXTENSIONS = YES;
				CLANG_ANALYZER_NONNULL = YES;
				CLANG_ANALYZER_NUMBER_OBJECT_CONVERSION = YES_AGGRESSIVE;
				CLANG_CXX_LANGUAGE_STANDARD = "gnu++20";
				CLANG_ENABLE_MODULES = YES;
				CLANG_ENABLE_OBJC_ARC = YES;
				CLANG_ENABLE_OBJC_WEAK = YES;
				CLANG_WARN_BLOCK_CAPTURE_AUTORELEASING = YES;
				CLANG_WARN_BOOL_CONVERSION = YES;
				CLANG_WARN_COMMA = YES;
				CLANG_WARN_CONSTANT_CONVERSION = YES;
				CLANG_WARN_DEPRECATED_OBJC_IMPLEMENTATIONS = YES;
				CLANG_WARN_DIRECT_OBJC_ISA_USAGE = YES_ERROR;
				CLANG_WARN_DOCUMENTATION_COMMENTS = YES;
				CLANG_WARN_EMPTY_BODY = YES;
				CLANG_WARN_ENUM_CONVERSION = YES;
				CLANG_WARN_INFINITE_RECURSION = YES;
				CLANG_WARN_INT_CONVERSION = YES;
				CLANG_WARN_NON_LITERAL_NULL_CONVERSION = YES;
				CLANG_WARN_OBJC_IMPLICIT_RETAIN_SELF = YES;
				CLANG_WARN_OBJC_LITERAL_CONVERSION = YES;
				CLANG_WARN_OBJC_ROOT_CLASS = YES_ERROR;
				CLANG_WARN_QUOTED_INCLUDE_IN_FRAMEWORK_HEADER = YES;
				CLANG_WARN_RANGE_LOOP_ANALYSIS = YES;
				CLANG_WARN_STRICT_PROTOTYPES = YES;
				CLANG_WARN_SUSPICIOUS_MOVE = YES;
				CLANG_WARN_UNGUARDED_AVAILABILITY = YES_AGGRESSIVE;
				CLANG_WARN_UNREACHABLE_CODE = YES;
				CLANG_WARN__DUPLICATE_METHOD_MATCH = YES;
				COPY_PHASE_STRIP = NO;
				DEBUG_INFORMATION_FORMAT = "dwarf-with-dsym";
				ENABLE_NS_ASSERTIONS = NO;
				ENABLE_STRICT_OBJC_MSGSEND = YES;
				ENABLE_USER_SCRIPT_SANDBOXING = YES;
				GCC_C_LANGUAGE_STANDARD = gnu17;
				GCC_NO_COMMON_BLOCKS = YES;
				GCC_WARN_64_TO_32_BIT_CONVERSION = YES;
				GCC_WARN_ABOUT_RETURN_TYPE = YES_ERROR;
				GCC_WARN_UNDECLARED_SELECTOR = YES;
				GCC_WARN_UNINITIALIZED_AUTOS = YES_AGGRESSIVE;
				GCC_WARN_UNUSED_FUNCTION = YES;
				GCC_WARN_UNUSED_VARIABLE = YES;
				IPHONEOS_DEPLOYMENT_TARGET = 26.4;
				LOCALIZATION_PREFERS_STRING_CATALOGS = YES;
				MTL_ENABLE_DEBUG_INFO = NO;
				MTL_FAST_MATH = YES;
				SDKROOT = iphoneos;
				SWIFT_COMPILATION_MODE = wholemodule;
				VALIDATE_PRODUCT = YES;
			};
			name = Release;
		};
		D21EE9992FACB637002F6879 /* Debug */ = {
			isa = XCBuildConfiguration;
			buildSettings = {
				ASSETCATALOG_COMPILER_APPICON_NAME = AppIcon;
				ASSETCATALOG_COMPILER_GLOBAL_ACCENT_COLOR_NAME = AccentColor;
				CODE_SIGN_ENTITLEMENTS = PatProt/PatProt.entitlements;
				CODE_SIGN_STYLE = Automatic;
				CURRENT_PROJECT_VERSION = 1;
				DEVELOPMENT_TEAM = FX962KCY3R;
				ENABLE_PREVIEWS = YES;
				GENERATE_INFOPLIST_FILE = NO;
				INFOPLIST_FILE = PatProt/Info.plist;
				IPHONEOS_DEPLOYMENT_TARGET = 17.6;
				LD_RUNPATH_SEARCH_PATHS = (
					"$(inherited)",
					"@executable_path/Frameworks",
				);
				MARKETING_VERSION = 1.0;
				PRODUCT_BUNDLE_IDENTIFIER = "DLRG-FR-10.PatProt";
				PRODUCT_NAME = "$(TARGET_NAME)";
				STRING_CATALOG_GENERATE_SYMBOLS = YES;
				SWIFT_APPROACHABLE_CONCURRENCY = YES;
				SWIFT_DEFAULT_ACTOR_ISOLATION = MainActor;
				SWIFT_EMIT_LOC_STRINGS = YES;
				SWIFT_UPCOMING_FEATURE_MEMBER_IMPORT_VISIBILITY = YES;
				SWIFT_VERSION = 5.0;
				TARGETED_DEVICE_FAMILY = "1,2";
			};
			name = Debug;
		};
		D21EE99A2FACB637002F6879 /* Release */ = {
			isa = XCBuildConfiguration;
			buildSettings = {
				ASSETCATALOG_COMPILER_APPICON_NAME = AppIcon;
				ASSETCATALOG_COMPILER_GLOBAL_ACCENT_COLOR_NAME = AccentColor;
				CODE_SIGN_ENTITLEMENTS = PatProt/PatProt.entitlements;
				CODE_SIGN_STYLE = Automatic;
				CURRENT_PROJECT_VERSION = 1;
				DEVELOPMENT_TEAM = FX962KCY3R;
				ENABLE_PREVIEWS = YES;
				GENERATE_INFOPLIST_FILE = NO;
				INFOPLIST_FILE = PatProt/Info.plist;
				IPHONEOS_DEPLOYMENT_TARGET = 17.6;
				LD_RUNPATH_SEARCH_PATHS = (
					"$(inherited)",
					"@executable_path/Frameworks",
				);
				MARKETING_VERSION = 1.0;
				PRODUCT_BUNDLE_IDENTIFIER = "DLRG-FR-10.PatProt";
				PRODUCT_NAME = "$(TARGET_NAME)";
				STRING_CATALOG_GENERATE_SYMBOLS = YES;
				SWIFT_APPROACHABLE_CONCURRENCY = YES;
				SWIFT_DEFAULT_ACTOR_ISOLATION = MainActor;
				SWIFT_EMIT_LOC_STRINGS = YES;
				SWIFT_UPCOMING_FEATURE_MEMBER_IMPORT_VISIBILITY = YES;
				SWIFT_VERSION = 5.0;
				TARGETED_DEVICE_FAMILY = "1,2";
			};
			name = Release;
		};
		D21EE99C2FACB637002F6879 /* Debug */ = {
			isa = XCBuildConfiguration;
			buildSettings = {
				BUNDLE_LOADER = "$(TEST_HOST)";
				CODE_SIGN_STYLE = Automatic;
				CURRENT_PROJECT_VERSION = 1;
				GENERATE_INFOPLIST_FILE = YES;
				IPHONEOS_DEPLOYMENT_TARGET = 26.4;
				MARKETING_VERSION = 1.0;
				PRODUCT_BUNDLE_IDENTIFIER = "DLRG-FR-10.PatProtTests";
				PRODUCT_NAME = "$(TARGET_NAME)";
				STRING_CATALOG_GENERATE_SYMBOLS = NO;
				SWIFT_APPROACHABLE_CONCURRENCY = YES;
				SWIFT_EMIT_LOC_STRINGS = NO;
				SWIFT_UPCOMING_FEATURE_MEMBER_IMPORT_VISIBILITY = YES;
				SWIFT_VERSION = 5.0;
				TARGETED_DEVICE_FAMILY = "1,2";
				TEST_HOST = "$(BUILT_PRODUCTS_DIR)/PatProt.app/$(BUNDLE_EXECUTABLE_FOLDER_PATH)/PatProt";
			};
			name = Debug;
		};
		D21EE99D2FACB637002F6879 /* Release */ = {
			isa = XCBuildConfiguration;
			buildSettings = {
				BUNDLE_LOADER = "$(TEST_HOST)";
				CODE_SIGN_STYLE = Automatic;
				CURRENT_PROJECT_VERSION = 1;
				GENERATE_INFOPLIST_FILE = YES;
				IPHONEOS_DEPLOYMENT_TARGET = 26.4;
				MARKETING_VERSION = 1.0;
				PRODUCT_BUNDLE_IDENTIFIER = "DLRG-FR-10.PatProtTests";
				PRODUCT_NAME = "$(TARGET_NAME)";
				STRING_CATALOG_GENERATE_SYMBOLS = NO;
				SWIFT_APPROACHABLE_CONCURRENCY = YES;
				SWIFT_EMIT_LOC_STRINGS = NO;
				SWIFT_UPCOMING_FEATURE_MEMBER_IMPORT_VISIBILITY = YES;
				SWIFT_VERSION = 5.0;
				TARGETED_DEVICE_FAMILY = "1,2";
				TEST_HOST = "$(BUILT_PRODUCTS_DIR)/PatProt.app/$(BUNDLE_EXECUTABLE_FOLDER_PATH)/PatProt";
			};
			name = Release;
		};
		D21EE99F2FACB637002F6879 /* Debug */ = {
			isa = XCBuildConfiguration;
			buildSettings = {
				CODE_SIGN_STYLE = Automatic;
				CURRENT_PROJECT_VERSION = 1;
				GENERATE_INFOPLIST_FILE = YES;
				MARKETING_VERSION = 1.0;
				PRODUCT_BUNDLE_IDENTIFIER = "DLRG-FR-10.PatProtUITests";
				PRODUCT_NAME = "$(TARGET_NAME)";
				STRING_CATALOG_GENERATE_SYMBOLS = NO;
				SWIFT_APPROACHABLE_CONCURRENCY = YES;
				SWIFT_EMIT_LOC_STRINGS = NO;
				SWIFT_UPCOMING_FEATURE_MEMBER_IMPORT_VISIBILITY = YES;
				SWIFT_VERSION = 5.0;
				TARGETED_DEVICE_FAMILY = "1,2";
				TEST_TARGET_NAME = PatProt;
			};
			name = Debug;
		};
		D21EE9A02FACB637002F6879 /* Release */ = {
			isa = XCBuildConfiguration;
			buildSettings = {
				CODE_SIGN_STYLE = Automatic;
				CURRENT_PROJECT_VERSION = 1;
				GENERATE_INFOPLIST_FILE = YES;
				MARKETING_VERSION = 1.0;
				PRODUCT_BUNDLE_IDENTIFIER = "DLRG-FR-10.PatProtUITests";
				PRODUCT_NAME = "$(TARGET_NAME)";
				STRING_CATALOG_GENERATE_SYMBOLS = NO;
				SWIFT_APPROACHABLE_CONCURRENCY = YES;
				SWIFT_EMIT_LOC_STRINGS = NO;
				SWIFT_UPCOMING_FEATURE_MEMBER_IMPORT_VISIBILITY = YES;
				SWIFT_VERSION = 5.0;
				TARGETED_DEVICE_FAMILY = "1,2";
				TEST_TARGET_NAME = PatProt;
			};
			name = Release;
		};
/* End XCBuildConfiguration section */

/* Begin XCConfigurationList section */
		D21EE9702FACB636002F6879 /* Build configuration list for PBXProject "PatProt" */ = {
			isa = XCConfigurationList;
			buildConfigurations = (
				D21EE9962FACB637002F6879 /* Debug */,
				D21EE9972FACB637002F6879 /* Release */,
			);
			defaultConfigurationIsVisible = 0;
			defaultConfigurationName = Release;
		};
		D21EE9982FACB637002F6879 /* Build configuration list for PBXNativeTarget "PatProt" */ = {
			isa = XCConfigurationList;
			buildConfigurations = (
				D21EE9992FACB637002F6879 /* Debug */,
				D21EE99A2FACB637002F6879 /* Release */,
			);
			defaultConfigurationIsVisible = 0;
			defaultConfigurationName = Release;
		};
		D21EE99B2FACB637002F6879 /* Build configuration list for PBXNativeTarget "PatProtTests" */ = {
			isa = XCConfigurationList;
			buildConfigurations = (
				D21EE99C2FACB637002F6879 /* Debug */,
				D21EE99D2FACB637002F6879 /* Release */,
			);
			defaultConfigurationIsVisible = 0;
			defaultConfigurationName = Release;
		};
		D21EE99E2FACB637002F6879 /* Build configuration list for PBXNativeTarget "PatProtUITests" */ = {
			isa = XCConfigurationList;
			buildConfigurations = (
				D21EE99F2FACB637002F6879 /* Debug */,
				D21EE9A02FACB637002F6879 /* Release */,
			);
			defaultConfigurationIsVisible = 0;
			defaultConfigurationName = Release;
		};
/* End XCConfigurationList section */
	};
	rootObject = D21EE96D2FACB636002F6879 /* Project object */;
}
